hash: 41874908bfbc72e310efa43e179507c14bb2496836871f4d09166e2758f18f3a
updated: 2019-07-02T12:53:14.516772491+07:00
imports:
- name: github.com/gin-gonic/gin
  version: b75d67cd51eb53c3c3a2fc406524c940021ffbda
- name: github.com/go-sql-driver/mysql
  version: 72cd26f257d44c1114970e19afddcd812016007e
- name: github.com/google/uuid
  version: 0cd6bf5da1e1c83f8b45653022c74f71af0538a4
- name: github.com/jinzhu/gorm
  version: 836fb2c19d84dac7b0272958dfb9af7cf0d0ade4
  subpackages:
  - dialects/mysql
- name: github.com/jinzhu/inflection
  version: f5c5f50e6090ae76a29240b61ae2a90dd810112e
- name: google.golang.org/appengine
  version: b2f4a3cf3c67576a2ee09e1fe62656a5086ce880
  subpackages:
  - cloudsql
- name: gopkg.in/go-playground/validator.v8
  version: 5f1438d3fca68893a817e4a66806cea46a9e4ebf
testImports: []
